
Microsoft Visual Studio Solution File, Format Version 12.00
# Visual Studio Version 17
VisualStudioVersion = 17.10.35013.160
MinimumVisualStudioVersion = 10.0.40219.1
Project("{FAE04EC0-301F-11D3-BF4B-00C04F79EFBC}") = "HelloWorld", "HelloWorld\HelloWorld.csproj", "{CFD4D9FA-CE5E-4F88-ACEB-5D8BFC6D932D}"
EndProject
Global
	GlobalSection(SolutionConfigurationPlatforms) = preSolution
		Debug|Any CPU = Debug|Any CPU
		Release|Any CPU = Release|Any CPU
	EndGlobalSection
	GlobalSection(ProjectConfigurationPlatforms) = postSolution
		{CFD4D9FA-CE5E-4F88-ACEB-5D8BFC6D932D}.Debug|Any CPU.ActiveCfg = Debug|Any CPU
		{CFD4D9FA-CE5E-4F88-ACEB-5D8BFC6D932D}.Debug|Any CPU.Build.0 = Debug|Any CPU
		{CFD4D9FA-CE5E-4F88-ACEB-5D8BFC6D932D}.Release|Any CPU.ActiveCfg = Release|Any CPU
		{CFD4D9FA-CE5E-4F88-ACEB-5D8BFC6D932D}.Release|Any CPU.Build.0 = Release|Any CPU
	EndGlobalSection
	GlobalSection(SolutionProperties) = preSolution
		HideSolutionNode = FALSE
	EndGlobalSection
	GlobalSection(ExtensibilityGlobals) = postSolution
		SolutionGuid = {E066F19F-7914-4BA8-9396-99B40D770FE7}
	EndGlobalSection
EndGlobal
